
Microsoft Visual Studio Solution File, Format Version 12.00
# Visual Studio 15
VisualStudioVersion = 15.0.27130.2027
MinimumVisualStudioVersion = 10.0.40219.1
Project("{2150E333-8FDC-42A3-9474-1A3956D46DE8}") = "Solution Items", "Solution Items", "{6FD40D75-1D94-46E6-86AD-FDD525FFBBF8}"
	ProjectSection(SolutionItems) = preProject
		.gitignore = .gitignore
	EndProjectSection
EndProject
Project("{FAE04EC0-301F-11D3-BF4B-00C04F79EFBC}") = "StrategyRefactor", "StrategyRefactor\StrategyRefactor.csproj", "{A7977C41-675F-4657-851A-4FB03537CDB0}"
EndProject
Project("{FAE04EC0-301F-11D3-BF4B-00C04F79EFBC}") = "StrategyTest", "StrategyTest\StrategyTest.csproj", "{392AEB7E-4865-4581-8333-8B148C94ED0C}"
EndProject
Project("{FAE04EC0-301F-11D3-BF4B-00C04F79EFBC}") = "DecoratorRefactor", "DecoratorRefactor\DecoratorRefactor.csproj", "{7B9C5A28-DCEC-4D92-A556-138541F2CED7}"
EndProject
Project("{FAE04EC0-301F-11D3-BF4B-00C04F79EFBC}") = "DecoratorTest", "DecoratorTest\DecoratorTest.csproj", "{89AF4E9F-6D9C-4DB2-9227-054F84EC7B53}"
EndProject
Project("{FAE04EC0-301F-11D3-BF4B-00C04F79EFBC}") = "FactoryRefactor", "FactoryRefactor\FactoryRefactor.csproj", "{4471921A-C539-4462-AB91-CC2FA7685F7B}"
EndProject
Project("{FAE04EC0-301F-11D3-BF4B-00C04F79EFBC}") = "FactoryTest", "FactoryTest\FactoryTest.csproj", "{1A25D05F-229A-4362-85DA-1C7979A79BD9}"
EndProject
Global
	GlobalSection(SolutionConfigurationPlatforms) = preSolution
		Debug|Any CPU = Debug|Any CPU
		Release|Any CPU = Release|Any CPU
	EndGlobalSection
	GlobalSection(ProjectConfigurationPlatforms) = postSolution
		{A7977C41-675F-4657-851A-4FB03537CDB0}.Debug|Any CPU.ActiveCfg = Debug|Any CPU
		{A7977C41-675F-4657-851A-4FB03537CDB0}.Debug|Any CPU.Build.0 = Debug|Any CPU
		{A7977C41-675F-4657-851A-4FB03537CDB0}.Release|Any CPU.ActiveCfg = Release|Any CPU
		{A7977C41-675F-4657-851A-4FB03537CDB0}.Release|Any CPU.Build.0 = Release|Any CPU
		{392AEB7E-4865-4581-8333-8B148C94ED0C}.Debug|Any CPU.ActiveCfg = Debug|Any CPU
		{392AEB7E-4865-4581-8333-8B148C94ED0C}.Debug|Any CPU.Build.0 = Debug|Any CPU
		{392AEB7E-4865-4581-8333-8B148C94ED0C}.Release|Any CPU.ActiveCfg = Release|Any CPU
		{392AEB7E-4865-4581-8333-8B148C94ED0C}.Release|Any CPU.Build.0 = Release|Any CPU
		{7B9C5A28-DCEC-4D92-A556-138541F2CED7}.Debug|Any CPU.ActiveCfg = Debug|Any CPU
		{7B9C5A28-DCEC-4D92-A556-138541F2CED7}.Debug|Any CPU.Build.0 = Debug|Any CPU
		{7B9C5A28-DCEC-4D92-A556-138541F2CED7}.Release|Any CPU.ActiveCfg = Release|Any CPU
		{7B9C5A28-DCEC-4D92-A556-138541F2CED7}.Release|Any CPU.Build.0 = Release|Any CPU
		{89AF4E9F-6D9C-4DB2-9227-054F84EC7B53}.Debug|Any CPU.ActiveCfg = Debug|Any CPU
		{89AF4E9F-6D9C-4DB2-9227-054F84EC7B53}.Debug|Any CPU.Build.0 = Debug|Any CPU
		{89AF4E9F-6D9C-4DB2-9227-054F84EC7B53}.Release|Any CPU.ActiveCfg = Release|Any CPU
		{89AF4E9F-6D9C-4DB2-9227-054F84EC7B53}.Release|Any CPU.Build.0 = Release|Any CPU
		{4471921A-C539-4462-AB91-CC2FA7685F7B}.Debug|Any CPU.ActiveCfg = Debug|Any CPU
		{4471921A-C539-4462-AB91-CC2FA7685F7B}.Debug|Any CPU.Build.0 = Debug|Any CPU
		{4471921A-C539-4462-AB91-CC2FA7685F7B}.Release|Any CPU.ActiveCfg = Release|Any CPU
		{4471921A-C539-4462-AB91-CC2FA7685F7B}.Release|Any CPU.Build.0 = Release|Any CPU
		{1A25D05F-229A-4362-85DA-1C7979A79BD9}.Debug|Any CPU.ActiveCfg = Debug|Any CPU
		{1A25D05F-229A-4362-85DA-1C7979A79BD9}.Debug|Any CPU.Build.0 = Debug|Any CPU
		{1A25D05F-229A-4362-85DA-1C7979A79BD9}.Release|Any CPU.ActiveCfg = Release|Any CPU
		{1A25D05F-229A-4362-85DA-1C7979A79BD9}.Release|Any CPU.Build.0 = Release|Any CPU
	EndGlobalSection
	GlobalSection(SolutionProperties) = preSolution
		HideSolutionNode = FALSE
	EndGlobalSection
	GlobalSection(ExtensibilityGlobals) = postSolution
		SolutionGuid = {0225E755-F7A8-412D-A7BD-33148C530448}
	EndGlobalSection
EndGlobal
